
Microsoft Visual Studio Solution File, Format Version 12.00
Project("{2150E333-8FDC-42A3-9474-1A3956D46DE8}") = "Conference", "Conference", "{D2F1B72D-4E75-46D2-BF81-C0B6B7E5261D}"
EndProject
Project("{2150E333-8FDC-42A3-9474-1A3956D46DE8}") = "Session", "Session", "{8CA6A5B7-9CE4-4BDD-8230-73EAA732AA18}"
EndProject
Project("{FAE04EC0-301F-11D3-BF4B-00C04F79EFBC}") = "ConferenceExample.Session.Domain", "Session\ConferenceExample.Session.Domain\ConferenceExample.Session.Domain.csproj", "{9695C38D-535B-4711-9344-F893BC345893}"
EndProject
Project("{FAE04EC0-301F-11D3-BF4B-00C04F79EFBC}") = "ConferenceExample.Session.Application", "Session\ConferenceExample.Session.Application\ConferenceExample.Session.Application.csproj", "{76061CCC-D29B-4552-9F63-9CDC5AE12AA5}"
EndProject
Global
	GlobalSection(SolutionConfigurationPlatforms) = preSolution
		Debug|Any CPU = Debug|Any CPU
		Release|Any CPU = Release|Any CPU
	EndGlobalSection
	GlobalSection(NestedProjects) = preSolution
		{9695C38D-535B-4711-9344-F893BC345893} = {8CA6A5B7-9CE4-4BDD-8230-73EAA732AA18}
		{76061CCC-D29B-4552-9F63-9CDC5AE12AA5} = {8CA6A5B7-9CE4-4BDD-8230-73EAA732AA18}
	EndGlobalSection
	GlobalSection(ProjectConfigurationPlatforms) = postSolution
		{9695C38D-535B-4711-9344-F893BC345893}.Debug|Any CPU.ActiveCfg = Debug|Any CPU
		{9695C38D-535B-4711-9344-F893BC345893}.Debug|Any CPU.Build.0 = Debug|Any CPU
		{9695C38D-535B-4711-9344-F893BC345893}.Release|Any CPU.ActiveCfg = Release|Any CPU
		{9695C38D-535B-4711-9344-F893BC345893}.Release|Any CPU.Build.0 = Release|Any CPU
		{76061CCC-D29B-4552-9F63-9CDC5AE12AA5}.Debug|Any CPU.ActiveCfg = Debug|Any CPU
		{76061CCC-D29B-4552-9F63-9CDC5AE12AA5}.Debug|Any CPU.Build.0 = Debug|Any CPU
		{76061CCC-D29B-4552-9F63-9CDC5AE12AA5}.Release|Any CPU.ActiveCfg = Release|Any CPU
		{76061CCC-D29B-4552-9F63-9CDC5AE12AA5}.Release|Any CPU.Build.0 = Release|Any CPU
	EndGlobalSection
EndGlobal
